
Microsoft Visual Studio Solution File, Format Version 12.00
# Visual Studio 15
VisualStudioVersion = 15.0.28010.2016
MinimumVisualStudioVersion = 10.0.40219.1
Project("{FAE04EC0-301F-11D3-BF4B-00C04F79EFBC}") = "GridListBoxBinding", "GridListBoxBinding\GridListBoxBinding.csproj", "{FA3F378D-94FD-47CF-856F-5D75BED8A90D}"
EndProject
Global
	GlobalSection(SolutionConfigurationPlatforms) = preSolution
		Debug|Any CPU = Debug|Any CPU
		Release|Any CPU = Release|Any CPU
	EndGlobalSection
	GlobalSection(ProjectConfigurationPlatforms) = postSolution
		{FA3F378D-94FD-47CF-856F-5D75BED8A90D}.Debug|Any CPU.ActiveCfg = Debug|Any CPU
		{FA3F378D-94FD-47CF-856F-5D75BED8A90D}.Debug|Any CPU.Build.0 = Debug|Any CPU
		{FA3F378D-94FD-47CF-856F-5D75BED8A90D}.Release|Any CPU.ActiveCfg = Release|Any CPU
		{FA3F378D-94FD-47CF-856F-5D75BED8A90D}.Release|Any CPU.Build.0 = Release|Any CPU
	EndGlobalSection
	GlobalSection(SolutionProperties) = preSolution
		HideSolutionNode = FALSE
	EndGlobalSection
	GlobalSection(ExtensibilityGlobals) = postSolution
		SolutionGuid = {81735274-7C15-43BE-8188-B0337D49E2A6}
	EndGlobalSection
EndGlobal
